
Microsoft Visual Studio Solution File, Format Version 12.00
# Visual Studio Version 16
VisualStudioVersion = 16.0.31019.35
MinimumVisualStudioVersion = 10.0.40219.1
Project("{FAE04EC0-301F-11D3-BF4B-00C04F79EFBC}") = "MathSoftware", "MathSoftware\MathSoftware.csproj", "{059FB423-C845-4585-B475-ACEC7D2404B2}"
EndProject
Global
	GlobalSection(SolutionConfigurationPlatforms) = preSolution
		Debug|Any CPU = Debug|Any CPU
		Release|Any CPU = Release|Any CPU
	EndGlobalSection
	GlobalSection(ProjectConfigurationPlatforms) = postSolution
		{059FB423-C845-4585-B475-ACEC7D2404B2}.Debug|Any CPU.ActiveCfg = Debug|Any CPU
		{059FB423-C845-4585-B475-ACEC7D2404B2}.Debug|Any CPU.Build.0 = Debug|Any CPU
		{059FB423-C845-4585-B475-ACEC7D2404B2}.Release|Any CPU.ActiveCfg = Release|Any CPU
		{059FB423-C845-4585-B475-ACEC7D2404B2}.Release|Any CPU.Build.0 = Release|Any CPU
	EndGlobalSection
	GlobalSection(SolutionProperties) = preSolution
		HideSolutionNode = FALSE
	EndGlobalSection
	GlobalSection(ExtensibilityGlobals) = postSolution
		SolutionGuid = {7C4D1A7A-BB6F-484A-8900-F5F2A3597814}
	EndGlobalSection
EndGlobal
